PODS:
  - KLCPopup (1.0)
  - Realm (0.90.2):
    - Realm/Headers (= 0.90.2)
  - Realm/Headers (0.90.2)

DEPENDENCIES:
  - KLCPopup (= 1.0.0)
  - Realm (= 0.90.2)

SPEC CHECKSUMS:
  KLCPopup: 23548d0454ca156b0eb684f791f234b9c2134369
  Realm: e5e2a23e34e1f8c00a1484c130a9d00c1394a2af

COCOAPODS: 0.35.0
